
Microsoft Visual Studio Solution File, Format Version 12.00
# Visual Studio 15
VisualStudioVersion = 15.0.27130.2036
MinimumVisualStudioVersion = 10.0.40219.1
Project("{9A19103F-16F7-4668-BE54-9A1E7A4F7556}") = "Runner", "Runner\Runner.csproj", "{C2AABBBE-C0DC-4D3D-965C-85339913A712}"
EndProject
Project("{9A19103F-16F7-4668-BE54-9A1E7A4F7556}") = "Tests", "Tests\Tests.csproj", "{177CF5B1-A9A2-4B8B-9832-F238AE34B430}"
EndProject
Project("{FAE04EC0-301F-11D3-BF4B-00C04F79EFBC}") = "Domain", "Domain\Domain.csproj", "{495A6870-BB4C-42D5-A2CE-BDB664A0FF7B}"
EndProject
Global
	GlobalSection(SolutionConfigurationPlatforms) = preSolution
		Debug|Any CPU = Debug|Any CPU
		Release|Any CPU = Release|Any CPU
	EndGlobalSection
	GlobalSection(ProjectConfigurationPlatforms) = postSolution
		{C2AABBBE-C0DC-4D3D-965C-85339913A712}.Debug|Any CPU.ActiveCfg = Debug|Any CPU
		{C2AABBBE-C0DC-4D3D-965C-85339913A712}.Debug|Any CPU.Build.0 = Debug|Any CPU
		{C2AABBBE-C0DC-4D3D-965C-85339913A712}.Release|Any CPU.ActiveCfg = Release|Any CPU
		{C2AABBBE-C0DC-4D3D-965C-85339913A712}.Release|Any CPU.Build.0 = Release|Any CPU
		{177CF5B1-A9A2-4B8B-9832-F238AE34B430}.Debug|Any CPU.ActiveCfg = Debug|Any CPU
		{177CF5B1-A9A2-4B8B-9832-F238AE34B430}.Debug|Any CPU.Build.0 = Debug|Any CPU
		{177CF5B1-A9A2-4B8B-9832-F238AE34B430}.Release|Any CPU.ActiveCfg = Release|Any CPU
		{177CF5B1-A9A2-4B8B-9832-F238AE34B430}.Release|Any CPU.Build.0 = Release|Any CPU
		{495A6870-BB4C-42D5-A2CE-BDB664A0FF7B}.Debug|Any CPU.ActiveCfg = Debug|Any CPU
		{495A6870-BB4C-42D5-A2CE-BDB664A0FF7B}.Debug|Any CPU.Build.0 = Debug|Any CPU
		{495A6870-BB4C-42D5-A2CE-BDB664A0FF7B}.Release|Any CPU.ActiveCfg = Release|Any CPU
		{495A6870-BB4C-42D5-A2CE-BDB664A0FF7B}.Release|Any CPU.Build.0 = Release|Any CPU
	EndGlobalSection
	GlobalSection(SolutionProperties) = preSolution
		HideSolutionNode = FALSE
	EndGlobalSection
	GlobalSection(ExtensibilityGlobals) = postSolution
		SolutionGuid = {E381C0C8-5E8D-4245-91C7-402DECAE9881}
	EndGlobalSection
EndGlobal
